{
  "name": "cassandraorm-js",
  "version": "1.0.0",
  "lockfileVersion": 3,
  "requires": true,
  "packages": {
    "": {
      "name": "cassandraorm-js",
      "version": "1.0.0",
      "dependencies": {
        "cassandra-driver": "^4.7.2"
      },
      "devDependencies": {
        "@types/node": "^20.0.0",
        "typescript": "^5.0.0"
      }
    },
    "node_modules/@types/node": {
      "version": "20.19.14",
      "dev": true,
      "license": "MIT",
      "dependencies": {
        "undici-types": "~6.21.0"
      }
    },
    "node_modules/adm-zip": {
      "version": "0.5.16",
      "license": "MIT",
      "engines": {
        "node": ">=12.0"
      }
    },
    "node_modules/cassandra-driver": {
      "version": "4.8.0",
      "license": "Apache-2.0",
      "dependencies": {
        "@types/node": "^18.11.18",
        "adm-zip": "~0.5.10",
        "long": "~5.2.3"
      },
      "engines": {
        "node": ">=18"
      }
    },
    "node_modules/cassandra-driver/node_modules/@types/node": {
      "version": "18.19.124",
      "license": "MIT",
      "dependencies": {
        "undici-types": "~5.26.4"
      }
    },
    "node_modules/cassandra-driver/node_modules/@types/node/node_modules/undici-types": {
      "version": "5.26.5",
      "license": "MIT"
    },
    "node_modules/long": {
      "version": "5.2.5",
      "license": "Apache-2.0"
    },
    "node_modules/typescript": {
      "version": "5.9.2",
      "dev": true,
      "license": "Apache-2.0",
      "bin": {
        "tsc": "bin/tsc",
        "tsserver": "bin/tsserver"
      },
      "engines": {
        "node": ">=14.17"
      }
    },
    "node_modules/undici-types": {
      "version": "6.21.0",
      "dev": true,
      "license": "MIT"
    }
  }
}
