{
  "name": "cassandraorm-test-system",
  "version": "1.0.0",
  "lockfileVersion": 3,
  "requires": true,
  "packages": {
    "": {
      "name": "cassandraorm-test-system",
      "version": "1.0.0",
      "dependencies": {
        "cassandraorm-js": "file:../"
      }
    },
    "..": {
      "name": "cassandraorm-js",
      "version": "2.0.12",
      "license": "MIT",
      "dependencies": {
        "cassandra-driver": "^4.7.2"
      },
      "devDependencies": {
        "@types/node": "^20.0.0",
        "bun-types": "latest",
        "eslint": "^8.0.0",
        "typescript": "^5.0.0"
      },
      "engines": {
        "node": ">=18.0.0"
      }
    },
    "node_modules/cassandraorm-js": {
      "resolved": "..",
      "link": true
    }
  }
}
